// !$*UTF8*$!
{
	archiveVersion = 1;
	classes = {
	};
	objectVersion = 50;
	objects = {

/* Begin PBXBuildFile section */
		7C3AF2802154874E00D562FE /* EnterVC.swift in Sources */ = {isa = PBXBuildFile; fileRef = 7C3AF27F2154874E00D562FE /* EnterVC.swift */; };
		7C3AF2822154883300D562FE /* StartTableVC.swift in Sources */ = {isa = PBXBuildFile; fileRef = 7C3AF2812154883300D562FE /* StartTableVC.swift */; };
		7C3AF2842154884C00D562FE /* StartTableCell1.swift in Sources */ = {isa = PBXBuildFile; fileRef = 7C3AF2832154884C00D562FE /* StartTableCell1.swift */; };
		7C3AF2862154886100D562FE /* StartTableCell2.swift in Sources */ = {isa = PBXBuildFile; fileRef = 7C3AF2852154886100D562FE /* StartTableCell2.swift */; };
		7C3AF28A2154CEA700D562FE /* NearStartTableVC.swift in Sources */ = {isa = PBXBuildFile; fileRef = 7C3AF2892154CEA600D562FE /* NearStartTableVC.swift */; };
		7C3AF28C2154CEC800D562FE /* NearStartTableCell1.swift in Sources */ = {isa = PBXBuildFile; fileRef = 7C3AF28B2154CEC800D562FE /* NearStartTableCell1.swift */; };
		7C3AF28E2154CED900D562FE /* NearStartTableCell2.swift in Sources */ = {isa = PBXBuildFile; fileRef = 7C3AF28D2154CED900D562FE /* NearStartTableCell2.swift */; };
		7C66C49A2157520500EA14FE /* FromNowOnVC.swift in Sources */ = {isa = PBXBuildFile; fileRef = 7C66C4992157520500EA14FE /* FromNowOnVC.swift */; };
		7C66C49D21575AE100EA14FE /* LastTimeTableVC.swift in Sources */ = {isa = PBXBuildFile; fileRef = 7C66C49C21575AE100EA14FE /* LastTimeTableVC.swift */; };
		7C66C49F21575B1000EA14FE /* LastTimeTableCell1.swift in Sources */ = {isa = PBXBuildFile; fileRef = 7C66C49E21575B1000EA14FE /* LastTimeTableCell1.swift */; };
		7C66C4A121575B2400EA14FE /* LastTimeTableCell2.swift in Sources */ = {isa = PBXBuildFile; fileRef = 7C66C4A021575B2400EA14FE /* LastTimeTableCell2.swift */; };
		7CB0FD8A2155F28800F68180 /* NMapVC.swift in Sources */ = {isa = PBXBuildFile; fileRef = 7CB0FD892155F28800F68180 /* NMapVC.swift */; };
		7CB0FD8F21561B8300F68180 /* LoginVO.swift in Sources */ = {isa = PBXBuildFile; fileRef = 7CB0FD8E21561B8300F68180 /* LoginVO.swift */; };
		7CB0FD9121561BC700F68180 /* APIService.swift in Sources */ = {isa = PBXBuildFile; fileRef = 7CB0FD9021561BC700F68180 /* APIService.swift */; };
		7CB0FD9321561BE900F68180 /* Extensions.swift in Sources */ = {isa = PBXBuildFile; fileRef = 7CB0FD9221561BE900F68180 /* Extensions.swift */; };
		7CB0FD9721561F7700F68180 /* SignUpVC.swift in Sources */ = {isa = PBXBuildFile; fileRef = 7CB0FD9621561F7700F68180 /* SignUpVC.swift */; };
		7CB0FD9D2156E69500F68180 /* ArriveTableVC.swift in Sources */ = {isa = PBXBuildFile; fileRef = 7CB0FD9C2156E69500F68180 /* ArriveTableVC.swift */; };
		7CB0FD9F2156E6AC00F68180 /* ArriveTableCell1.swift in Sources */ = {isa = PBXBuildFile; fileRef = 7CB0FD9E2156E6AC00F68180 /* ArriveTableCell1.swift */; };
		7CB0FDA12156E6BE00F68180 /* ArriveTableCell2.swift in Sources */ = {isa = PBXBuildFile; fileRef = 7CB0FDA02156E6BD00F68180 /* ArriveTableCell2.swift */; };
		7CBCB2A6214F4AD2001D4123 /* AppDelegate.swift in Sources */ = {isa = PBXBuildFile; fileRef = 7CBCB2A5214F4AD2001D4123 /* AppDelegate.swift */; };
		7CBCB2AB214F4AD2001D4123 /* Main.storyboard in Resources */ = {isa = PBXBuildFile; fileRef = 7CBCB2A9214F4AD2001D4123 /* Main.storyboard */; };
		7CBCB2AD214F4AD4001D4123 /* Assets.xcassets in Resources */ = {isa = PBXBuildFile; fileRef = 7CBCB2AC214F4AD4001D4123 /* Assets.xcassets */; };
		7CBCB2B0214F4AD4001D4123 /* LaunchScreen.storyboard in Resources */ = {isa = PBXBuildFile; fileRef = 7CBCB2AE214F4AD4001D4123 /* LaunchScreen.storyboard */; };
		7CDCCF3F215808ED00E80018 /* PostableService.swift in Sources */ = {isa = PBXBuildFile; fileRef = 7CDCCF3E215808ED00E80018 /* PostableService.swift */; };
		7CDCCF412158092C00E80018 /* GettableService.swift in Sources */ = {isa = PBXBuildFile; fileRef = 7CDCCF402158092C00E80018 /* GettableService.swift */; };
		7CDCCF43215809E000E80018 /* enums.swift in Sources */ = {isa = PBXBuildFile; fileRef = 7CDCCF42215809E000E80018 /* enums.swift */; };
		7CDCCF4521580A0B00E80018 /* HttpResponseCode.swift in Sources */ = {isa = PBXBuildFile; fileRef = 7CDCCF4421580A0B00E80018 /* HttpResponseCode.swift */; };
		7CDCCF4921580A5400E80018 /* LoginService.swift in Sources */ = {isa = PBXBuildFile; fileRef = 7CDCCF4821580A5400E80018 /* LoginService.swift */; };
		7CDCCF4B21580F7100E80018 /* JoinService.swift in Sources */ = {isa = PBXBuildFile; fileRef = 7CDCCF4A21580F7100E80018 /* JoinService.swift */; };
		7CDCCF4D21580F9F00E80018 /* DefaultVO.swift in Sources */ = {isa = PBXBuildFile; fileRef = 7CDCCF4C21580F9F00E80018 /* DefaultVO.swift */; };
		7CDCCF4F21592ABB00E80018 /* NearService.swift in Sources */ = {isa = PBXBuildFile; fileRef = 7CDCCF4E21592ABB00E80018 /* NearService.swift */; };
		7CDCCF5121592ADA00E80018 /* NearVO.swift in Sources */ = {isa = PBXBuildFile; fileRef = 7CDCCF5021592ADA00E80018 /* NearVO.swift */; };
		7CDCCF5321592F1F00E80018 /* NearData.swift in Sources */ = {isa = PBXBuildFile; fileRef = 7CDCCF5221592F1F00E80018 /* NearData.swift */; };
		7CFDD683215523AA009E2C6D /* ApiGatewayMac.framework in Frameworks */ = {isa = PBXBuildFile; fileRef = 7CFDD682215523A9009E2C6D /* ApiGatewayMac.framework */; };
		7CFDD684215523AA009E2C6D /* ApiGatewayMac.framework in Embed Frameworks */ = {isa = PBXBuildFile; fileRef = 7CFDD682215523A9009E2C6D /* ApiGatewayMac.framework */; settings = {ATTRIBUTES = (CodeSignOnCopy, RemoveHeadersOnCopy, ); }; };
		7CFDD68721552453009E2C6D /* NMapViewerSDK.framework in Frameworks */ = {isa = PBXBuildFile; fileRef = 7CFDD68621552453009E2C6D /* NMapViewerSDK.framework */; };
		7CFDD68C2155E206009E2C6D /* NMapViewResources.swift in Sources */ = {isa = PBXBuildFile; fileRef = 7CFDD68B2155E206009E2C6D /* NMapViewResources.swift */; };
		CF413059A4AD1FF4F9321304 /* Pods_lastTrain.framework in Frameworks */ = {isa = PBXBuildFile; fileRef = D0CD843CB855C10B5BF1022D /* Pods_lastTrain.framework */; };
/* End PBXBuildFile section */

/* Begin PBXCopyFilesBuildPhase section */
		7CFDD685215523AA009E2C6D /* Embed Frameworks */ = {
			isa = PBXCopyFilesBuildPhase;
			buildActionMask = 2147483647;
			dstPath = "";
			dstSubfolderSpec = 10;
			files = (
				7CFDD684215523AA009E2C6D /* ApiGatewayMac.framework in Embed Frameworks */,
			);
			name = "Embed Frameworks";
			runOnlyForDeploymentPostprocessing = 0;
		};
/* End PBXCopyFilesBuildPhase section */

/* Begin PBXFileReference section */
		733BB10346C1110E40639B35 /* Pods-lastTrain.release.xcconfig */ = {isa = PBXFileReference; includeInIndex = 1; lastKnownFileType = text.xcconfig; name = "Pods-lastTrain.release.xcconfig"; path = "Pods/Target Support Files/Pods-lastTrain/Pods-lastTrain.release.xcconfig"; sourceTree = "<group>"; };
		7C3AF27F2154874E00D562FE /* EnterVC.swift */ = {isa = PBXFileReference; lastKnownFileType = sourcecode.swift; path = EnterVC.swift; sourceTree = "<group>"; };
		7C3AF2812154883300D562FE /* StartTableVC.swift */ = {isa = PBXFileReference; lastKnownFileType = sourcecode.swift; path = StartTableVC.swift; sourceTree = "<group>"; };
		7C3AF2832154884C00D562FE /* StartTableCell1.swift */ = {isa = PBXFileReference; lastKnownFileType = sourcecode.swift; path = StartTableCell1.swift; sourceTree = "<group>"; };
		7C3AF2852154886100D562FE /* StartTableCell2.swift */ = {isa = PBXFileReference; lastKnownFileType = sourcecode.swift; path = StartTableCell2.swift; sourceTree = "<group>"; };
		7C3AF2892154CEA600D562FE /* NearStartTableVC.swift */ = {isa = PBXFileReference; lastKnownFileType = sourcecode.swift; path = NearStartTableVC.swift; sourceTree = "<group>"; };
		7C3AF28B2154CEC800D562FE /* NearStartTableCell1.swift */ = {isa = PBXFileReference; lastKnownFileType = sourcecode.swift; path = NearStartTableCell1.swift; sourceTree = "<group>"; };
		7C3AF28D2154CED900D562FE /* NearStartTableCell2.swift */ = {isa = PBXFileReference; lastKnownFileType = sourcecode.swift; path = NearStartTableCell2.swift; sourceTree = "<group>"; };
		7C66C4992157520500EA14FE /* FromNowOnVC.swift */ = {isa = PBXFileReference; lastKnownFileType = sourcecode.swift; path = FromNowOnVC.swift; sourceTree = "<group>"; };
		7C66C49C21575AE100EA14FE /* LastTimeTableVC.swift */ = {isa = PBXFileReference; lastKnownFileType = sourcecode.swift; path = LastTimeTableVC.swift; sourceTree = "<group>"; };
		7C66C49E21575B1000EA14FE /* LastTimeTableCell1.swift */ = {isa = PBXFileReference; lastKnownFileType = sourcecode.swift; path = LastTimeTableCell1.swift; sourceTree = "<group>"; };
		7C66C4A021575B2400EA14FE /* LastTimeTableCell2.swift */ = {isa = PBXFileReference; lastKnownFileType = sourcecode.swift; path = LastTimeTableCell2.swift; sourceTree = "<group>"; };
		7CB0FD892155F28800F68180 /* NMapVC.swift */ = {isa = PBXFileReference; lastKnownFileType = sourcecode.swift; path = NMapVC.swift; sourceTree = "<group>"; };
		7CB0FD8E21561B8300F68180 /* LoginVO.swift */ = {isa = PBXFileReference; lastKnownFileType = sourcecode.swift; path = LoginVO.swift; sourceTree = "<group>"; };
		7CB0FD9021561BC700F68180 /* APIService.swift */ = {isa = PBXFileReference; lastKnownFileType = sourcecode.swift; path = APIService.swift; sourceTree = "<group>"; };
		7CB0FD9221561BE900F68180 /* Extensions.swift */ = {isa = PBXFileReference; lastKnownFileType = sourcecode.swift; path = Extensions.swift; sourceTree = "<group>"; };
		7CB0FD9621561F7700F68180 /* SignUpVC.swift */ = {isa = PBXFileReference; lastKnownFileType = sourcecode.swift; path = SignUpVC.swift; sourceTree = "<group>"; };
		7CB0FD9C2156E69500F68180 /* ArriveTableVC.swift */ = {isa = PBXFileReference; lastKnownFileType = sourcecode.swift; path = ArriveTableVC.swift; sourceTree = "<group>"; };
		7CB0FD9E2156E6AC00F68180 /* ArriveTableCell1.swift */ = {isa = PBXFileReference; lastKnownFileType = sourcecode.swift; path = ArriveTableCell1.swift; sourceTree = "<group>"; };
		7CB0FDA02156E6BD00F68180 /* ArriveTableCell2.swift */ = {isa = PBXFileReference; lastKnownFileType = sourcecode.swift; path = ArriveTableCell2.swift; sourceTree = "<group>"; };
		7CBCB2A2214F4AD2001D4123 /* lastTrain.app */ = {isa = PBXFileReference; explicitFileType = wrapper.application; includeInIndex = 0; path = lastTrain.app; sourceTree = BUILT_PRODUCTS_DIR; };
		7CBCB2A5214F4AD2001D4123 /* AppDelegate.swift */ = {isa = PBXFileReference; lastKnownFileType = sourcecode.swift; path = AppDelegate.swift; sourceTree = "<group>"; };
		7CBCB2AA214F4AD2001D4123 /* Base */ = {isa = PBXFileReference; lastKnownFileType = file.storyboard; name = Base; path = Base.lproj/Main.storyboard; sourceTree = "<group>"; };
		7CBCB2AC214F4AD4001D4123 /* Assets.xcassets */ = {isa = PBXFileReference; lastKnownFileType = folder.assetcatalog; path = Assets.xcassets; sourceTree = "<group>"; };
		7CBCB2AF214F4AD4001D4123 /* Base */ = {isa = PBXFileReference; lastKnownFileType = file.storyboard; name = Base; path = Base.lproj/LaunchScreen.storyboard; sourceTree = "<group>"; };
		7CBCB2B1214F4AD4001D4123 /* Info.plist */ = {isa = PBXFileReference; lastKnownFileType = text.plist.xml; path = Info.plist; sourceTree = "<group>"; };
		7CDCCF3E215808ED00E80018 /* PostableService.swift */ = {isa = PBXFileReference; lastKnownFileType = sourcecode.swift; path = PostableService.swift; sourceTree = "<group>"; };
		7CDCCF402158092C00E80018 /* GettableService.swift */ = {isa = PBXFileReference; lastKnownFileType = sourcecode.swift; path = GettableService.swift; sourceTree = "<group>"; };
		7CDCCF42215809E000E80018 /* enums.swift */ = {isa = PBXFileReference; lastKnownFileType = sourcecode.swift; path = enums.swift; sourceTree = "<group>"; };
		7CDCCF4421580A0B00E80018 /* HttpResponseCode.swift */ = {isa = PBXFileReference; lastKnownFileType = sourcecode.swift; path = HttpResponseCode.swift; sourceTree = "<group>"; };
		7CDCCF4821580A5400E80018 /* LoginService.swift */ = {isa = PBXFileReference; lastKnownFileType = sourcecode.swift; path = LoginService.swift; sourceTree = "<group>"; };
		7CDCCF4A21580F7100E80018 /* JoinService.swift */ = {isa = PBXFileReference; lastKnownFileType = sourcecode.swift; path = JoinService.swift; sourceTree = "<group>"; };
		7CDCCF4C21580F9F00E80018 /* DefaultVO.swift */ = {isa = PBXFileReference; lastKnownFileType = sourcecode.swift; path = DefaultVO.swift; sourceTree = "<group>"; };
		7CDCCF4E21592ABB00E80018 /* NearService.swift */ = {isa = PBXFileReference; lastKnownFileType = sourcecode.swift; path = NearService.swift; sourceTree = "<group>"; };
		7CDCCF5021592ADA00E80018 /* NearVO.swift */ = {isa = PBXFileReference; lastKnownFileType = sourcecode.swift; path = NearVO.swift; sourceTree = "<group>"; };
		7CDCCF5221592F1F00E80018 /* NearData.swift */ = {isa = PBXFileReference; lastKnownFileType = sourcecode.swift; path = NearData.swift; sourceTree = "<group>"; };
		7CFDD682215523A9009E2C6D /* ApiGatewayMac.framework */ = {isa = PBXFileReference; lastKnownFileType = wrapper.framework; path = ApiGatewayMac.framework; sourceTree = "<group>"; };
		7CFDD68621552453009E2C6D /* NMapViewerSDK.framework */ = {isa = PBXFileReference; lastKnownFileType = wrapper.framework; name = NMapViewerSDK.framework; path = "../../../Desktop/maps.ios-master/Frameworks/NMapViewerSDK.framework"; sourceTree = "<group>"; };
		7CFDD689215528A4009E2C6D /* Header.h */ = {isa = PBXFileReference; lastKnownFileType = sourcecode.c.h; path = Header.h; sourceTree = "<group>"; };
		7CFDD68B2155E206009E2C6D /* NMapViewResources.swift */ = {isa = PBXFileReference; lastKnownFileType = sourcecode.swift; path = NMapViewResources.swift; sourceTree = "<group>"; };
		D0CD843CB855C10B5BF1022D /* Pods_lastTrain.framework */ = {isa = PBXFileReference; explicitFileType = wrapper.framework; includeInIndex = 0; path = Pods_lastTrain.framework; sourceTree = BUILT_PRODUCTS_DIR; };
		DE99DA4A10DB51F0DD2B01E5 /* Pods-lastTrain.debug.xcconfig */ = {isa = PBXFileReference; includeInIndex = 1; lastKnownFileType = text.xcconfig; name = "Pods-lastTrain.debug.xcconfig"; path = "Pods/Target Support Files/Pods-lastTrain/Pods-lastTrain.debug.xcconfig"; sourceTree = "<group>"; };
/* End PBXFileReference section */

/* Begin PBXFrameworksBuildPhase section */
		7CBCB29F214F4AD2001D4123 /* Frameworks */ = {
			isa = PBXFrameworksBuildPhase;
			buildActionMask = 2147483647;
			files = (
				7CFDD68721552453009E2C6D /* NMapViewerSDK.framework in Frameworks */,
				7CFDD683215523AA009E2C6D /* ApiGatewayMac.framework in Frameworks */,
				CF413059A4AD1FF4F9321304 /* Pods_lastTrain.framework in Frameworks */,
			);
			runOnlyForDeploymentPostprocessing = 0;
		};
/* End PBXFrameworksBuildPhase section */

/* Begin PBXGroup section */
		7C3C588121539E3500BC368F /* Asset */ = {
			isa = PBXGroup;
			children = (
				7CBCB2AC214F4AD4001D4123 /* Assets.xcassets */,
			);
			path = Asset;
			sourceTree = "<group>";
		};
		7C3C588221539E3900BC368F /* Util */ = {
			isa = PBXGroup;
			children = (
				7CDCCF4721580A2700E80018 /* Utility */,
				7CDCCF4621580A1800E80018 /* Singleton */,
				7CB0FD8D21561B5600F68180 /* Data */,
				7C3C588821539E6A00BC368F /* Service */,
				7C3C588721539E6800BC368F /* Model */,
				7C3C588621539E6500BC368F /* UI */,
				7C3C588521539E6000BC368F /* Function */,
			);
			path = Util;
			sourceTree = "<group>";
		};
		7C3C588321539E3B00BC368F /* Storyboard */ = {
			isa = PBXGroup;
			children = (
				7CBCB2A9214F4AD2001D4123 /* Main.storyboard */,
				7CBCB2AE214F4AD4001D4123 /* LaunchScreen.storyboard */,
			);
			path = Storyboard;
			sourceTree = "<group>";
		};
		7C3C588421539E4200BC368F /* ViewController */ = {
			isa = PBXGroup;
			children = (
				7CB0FD99215627F200F68180 /* Enter */,
				7CB0FD98215627DF00F68180 /* StartTable */,
				7CB0FD9A2156280C00F68180 /* NearTable */,
				7CB0FD9B2156E67200F68180 /* Arrive */,
				7C66C49B21575AB200EA14FE /* LastTimeChoice */,
				7C66C4992157520500EA14FE /* FromNowOnVC.swift */,
			);
			path = ViewController;
			sourceTree = "<group>";
		};
		7C3C588521539E6000BC368F /* Function */ = {
			isa = PBXGroup;
			children = (
			);
			path = Function;
			sourceTree = "<group>";
		};
		7C3C588621539E6500BC368F /* UI */ = {
			isa = PBXGroup;
			children = (
			);
			path = UI;
			sourceTree = "<group>";
		};
		7C3C588721539E6800BC368F /* Model */ = {
			isa = PBXGroup;
			children = (
			);
			path = Model;
			sourceTree = "<group>";
		};
		7C3C588821539E6A00BC368F /* Service */ = {
			isa = PBXGroup;
			children = (
				7CDCCF4821580A5400E80018 /* LoginService.swift */,
				7CDCCF4A21580F7100E80018 /* JoinService.swift */,
				7CDCCF4E21592ABB00E80018 /* NearService.swift */,
			);
			path = Service;
			sourceTree = "<group>";
		};
		7C66C49B21575AB200EA14FE /* LastTimeChoice */ = {
			isa = PBXGroup;
			children = (
				7C66C49C21575AE100EA14FE /* LastTimeTableVC.swift */,
				7C66C49E21575B1000EA14FE /* LastTimeTableCell1.swift */,
				7C66C4A021575B2400EA14FE /* LastTimeTableCell2.swift */,
			);
			path = LastTimeChoice;
			sourceTree = "<group>";
		};
		7CB0FD8D21561B5600F68180 /* Data */ = {
			isa = PBXGroup;
			children = (
				7CB0FD8E21561B8300F68180 /* LoginVO.swift */,
				7CDCCF4C21580F9F00E80018 /* DefaultVO.swift */,
				7CDCCF5021592ADA00E80018 /* NearVO.swift */,
				7CDCCF5221592F1F00E80018 /* NearData.swift */,
			);
			path = Data;
			sourceTree = "<group>";
		};
		7CB0FD98215627DF00F68180 /* StartTable */ = {
			isa = PBXGroup;
			children = (
				7C3AF2812154883300D562FE /* StartTableVC.swift */,
				7C3AF2832154884C00D562FE /* StartTableCell1.swift */,
				7C3AF2852154886100D562FE /* StartTableCell2.swift */,
			);
			path = StartTable;
			sourceTree = "<group>";
		};
		7CB0FD99215627F200F68180 /* Enter */ = {
			isa = PBXGroup;
			children = (
				7C3AF27F2154874E00D562FE /* EnterVC.swift */,
				7CB0FD9621561F7700F68180 /* SignUpVC.swift */,
			);
			path = Enter;
			sourceTree = "<group>";
		};
		7CB0FD9A2156280C00F68180 /* NearTable */ = {
			isa = PBXGroup;
			children = (
				7C3AF2892154CEA600D562FE /* NearStartTableVC.swift */,
				7C3AF28B2154CEC800D562FE /* NearStartTableCell1.swift */,
				7C3AF28D2154CED900D562FE /* NearStartTableCell2.swift */,
			);
			path = NearTable;
			sourceTree = "<group>";
		};
		7CB0FD9B2156E67200F68180 /* Arrive */ = {
			isa = PBXGroup;
			children = (
				7CB0FD9C2156E69500F68180 /* ArriveTableVC.swift */,
				7CB0FD9E2156E6AC00F68180 /* ArriveTableCell1.swift */,
				7CB0FDA02156E6BD00F68180 /* ArriveTableCell2.swift */,
			);
			path = Arrive;
			sourceTree = "<group>";
		};
		7CBCB299214F4AD2001D4123 = {
			isa = PBXGroup;
			children = (
				7CFDD682215523A9009E2C6D /* ApiGatewayMac.framework */,
				7CBCB2A4214F4AD2001D4123 /* lastTrain */,
				7CBCB2A3214F4AD2001D4123 /* Products */,
				FDFC473A7F15DE86518A014E /* Pods */,
				EA72EC5E360EEE20DCB89513 /* Frameworks */,
			);
			sourceTree = "<group>";
		};
		7CBCB2A3214F4AD2001D4123 /* Products */ = {
			isa = PBXGroup;
			children = (
				7CBCB2A2214F4AD2001D4123 /* lastTrain.app */,
			);
			name = Products;
			sourceTree = "<group>";
		};
		7CBCB2A4214F4AD2001D4123 /* lastTrain */ = {
			isa = PBXGroup;
			children = (
				7CBCB2A5214F4AD2001D4123 /* AppDelegate.swift */,
				7C3C588321539E3B00BC368F /* Storyboard */,
				7C3C588421539E4200BC368F /* ViewController */,
				7C3C588221539E3900BC368F /* Util */,
				7CFDD68A2155E166009E2C6D /* NMap */,
				7C3C588121539E3500BC368F /* Asset */,
				7CBCB2B1214F4AD4001D4123 /* Info.plist */,
				7CFDD689215528A4009E2C6D /* Header.h */,
			);
			path = lastTrain;
			sourceTree = "<group>";
		};
		7CDCCF4621580A1800E80018 /* Singleton */ = {
			isa = PBXGroup;
			children = (
				7CDCCF42215809E000E80018 /* enums.swift */,
				7CDCCF4421580A0B00E80018 /* HttpResponseCode.swift */,
			);
			path = Singleton;
			sourceTree = "<group>";
		};
		7CDCCF4721580A2700E80018 /* Utility */ = {
			isa = PBXGroup;
			children = (
				7CB0FD9021561BC700F68180 /* APIService.swift */,
				7CB0FD9221561BE900F68180 /* Extensions.swift */,
				7CDCCF3E215808ED00E80018 /* PostableService.swift */,
				7CDCCF402158092C00E80018 /* GettableService.swift */,
			);
			path = Utility;
			sourceTree = "<group>";
		};
		7CFDD68A2155E166009E2C6D /* NMap */ = {
			isa = PBXGroup;
			children = (
				7CB0FD892155F28800F68180 /* NMapVC.swift */,
				7CFDD68B2155E206009E2C6D /* NMapViewResources.swift */,
			);
			path = NMap;
			sourceTree = "<group>";
		};
		EA72EC5E360EEE20DCB89513 /* Frameworks */ = {
			isa = PBXGroup;
			children = (
				7CFDD68621552453009E2C6D /* NMapViewerSDK.framework */,
				D0CD843CB855C10B5BF1022D /* Pods_lastTrain.framework */,
			);
			name = Frameworks;
			sourceTree = "<group>";
		};
		FDFC473A7F15DE86518A014E /* Pods */ = {
			isa = PBXGroup;
			children = (
				DE99DA4A10DB51F0DD2B01E5 /* Pods-lastTrain.debug.xcconfig */,
				733BB10346C1110E40639B35 /* Pods-lastTrain.release.xcconfig */,
			);
			name = Pods;
			sourceTree = "<group>";
		};
/* End PBXGroup section */

/* Begin PBXNativeTarget section */
		7CBCB2A1214F4AD2001D4123 /* lastTrain */ = {
			isa = PBXNativeTarget;
			buildConfigurationList = 7CBCB2B4214F4AD4001D4123 /* Build configuration list for PBXNativeTarget "lastTrain" */;
			buildPhases = (
				8FBFA3AB03B75C77E97C45A8 /* [CP] Check Pods Manifest.lock */,
				7CBCB29E214F4AD2001D4123 /* Sources */,
				7CBCB29F214F4AD2001D4123 /* Frameworks */,
				7CBCB2A0214F4AD2001D4123 /* Resources */,
				2EB364E3DCD2D5424B652377 /* [CP] Embed Pods Frameworks */,
				7D5ECCFA587C317CDD6306DE /* [CP] Copy Pods Resources */,
				7CFDD685215523AA009E2C6D /* Embed Frameworks */,
				7CFDD6882155261B009E2C6D /* ShellScript */,
			);
			buildRules = (
			);
			dependencies = (
			);
			name = lastTrain;
			productName = lastTrain;
			productReference = 7CBCB2A2214F4AD2001D4123 /* lastTrain.app */;
			productType = "com.apple.product-type.application";
		};
/* End PBXNativeTarget section */

/* Begin PBXProject section */
		7CBCB29A214F4AD2001D4123 /* Project object */ = {
			isa = PBXProject;
			attributes = {
				LastSwiftUpdateCheck = 0940;
				LastUpgradeCheck = 0940;
				ORGANIZATIONNAME = "양어진";
				TargetAttributes = {
					7CBCB2A1214F4AD2001D4123 = {
						CreatedOnToolsVersion = 9.4.1;
					};
				};
			};
			buildConfigurationList = 7CBCB29D214F4AD2001D4123 /* Build configuration list for PBXProject "lastTrain" */;
			compatibilityVersion = "Xcode 9.3";
			developmentRegion = en;
			hasScannedForEncodings = 0;
			knownRegions = (
				en,
				Base,
			);
			mainGroup = 7CBCB299214F4AD2001D4123;
			productRefGroup = 7CBCB2A3214F4AD2001D4123 /* Products */;
			projectDirPath = "";
			projectRoot = "";
			targets = (
				7CBCB2A1214F4AD2001D4123 /* lastTrain */,
			);
		};
/* End PBXProject section */

/* Begin PBXResourcesBuildPhase section */
		7CBCB2A0214F4AD2001D4123 /* Resources */ = {
			isa = PBXResourcesBuildPhase;
			buildActionMask = 2147483647;
			files = (
				7CBCB2B0214F4AD4001D4123 /* LaunchScreen.storyboard in Resources */,
				7CBCB2AD214F4AD4001D4123 /* Assets.xcassets in Resources */,
				7CBCB2AB214F4AD2001D4123 /* Main.storyboard in Resources */,
			);
			runOnlyForDeploymentPostprocessing = 0;
		};
/* End PBXResourcesBuildPhase section */

/* Begin PBXShellScriptBuildPhase section */
		2EB364E3DCD2D5424B652377 /* [CP] Embed Pods Frameworks */ = {
			isa = PBXShellScriptBuildPhase;
			buildActionMask = 2147483647;
			files = (
			);
			inputPaths = (
				"${SRCROOT}/Pods/Target Support Files/Pods-lastTrain/Pods-lastTrain-frameworks.sh",
				"${BUILT_PRODUCTS_DIR}/Alamofire/Alamofire.framework",
				"${BUILT_PRODUCTS_DIR}/Kingfisher/Kingfisher.framework",
				"${BUILT_PRODUCTS_DIR}/ObjectMapper/ObjectMapper.framework",
				"${BUILT_PRODUCTS_DIR}/SwiftyJSON/SwiftyJSON.framework",
			);
			name = "[CP] Embed Pods Frameworks";
			outputPaths = (
				"${TARGET_BUILD_DIR}/${FRAMEWORKS_FOLDER_PATH}/Alamofire.framework",
				"${TARGET_BUILD_DIR}/${FRAMEWORKS_FOLDER_PATH}/Kingfisher.framework",
				"${TARGET_BUILD_DIR}/${FRAMEWORKS_FOLDER_PATH}/ObjectMapper.framework",
				"${TARGET_BUILD_DIR}/${FRAMEWORKS_FOLDER_PATH}/SwiftyJSON.framework",
			);
			runOnlyForDeploymentPostprocessing = 0;
			shellPath = /bin/sh;
			shellScript = "\"${SRCROOT}/Pods/Target Support Files/Pods-lastTrain/Pods-lastTrain-frameworks.sh\"\n";
			showEnvVarsInLog = 0;
		};
		7CFDD6882155261B009E2C6D /* ShellScript */ = {
			isa = PBXShellScriptBuildPhase;
			buildActionMask = 2147483647;
			files = (
			);
			inputPaths = (
			);
			outputPaths = (
			);
			runOnlyForDeploymentPostprocessing = 0;
			shellPath = /bin/sh;
			shellScript = "";
		};
		7D5ECCFA587C317CDD6306DE /* [CP] Copy Pods Resources */ = {
			isa = PBXShellScriptBuildPhase;
			buildActionMask = 2147483647;
			files = (
			);
			inputPaths = (
				"${SRCROOT}/Pods/Target Support Files/Pods-lastTrain/Pods-lastTrain-resources.sh",
				"${PODS_ROOT}/GoogleMaps/Maps/Frameworks/GoogleMaps.framework/Resources/GoogleMaps.bundle",
				"${PODS_ROOT}/GooglePlaces/Frameworks/GooglePlaces.framework/Resources/GooglePlaces.bundle",
			);
			name = "[CP] Copy Pods Resources";
			outputPaths = (
				"${TARGET_BUILD_DIR}/${UNLOCALIZED_RESOURCES_FOLDER_PATH}/GoogleMaps.bundle",
				"${TARGET_BUILD_DIR}/${UNLOCALIZED_RESOURCES_FOLDER_PATH}/GooglePlaces.bundle",
			);
			runOnlyForDeploymentPostprocessing = 0;
			shellPath = /bin/sh;
			shellScript = "\"${SRCROOT}/Pods/Target Support Files/Pods-lastTrain/Pods-lastTrain-resources.sh\"\n";
			showEnvVarsInLog = 0;
		};
		8FBFA3AB03B75C77E97C45A8 /* [CP] Check Pods Manifest.lock */ = {
			isa = PBXShellScriptBuildPhase;
			buildActionMask = 2147483647;
			files = (
			);
			inputPaths = (
				"${PODS_PODFILE_DIR_PATH}/Podfile.lock",
				"${PODS_ROOT}/Manifest.lock",
			);
			name = "[CP] Check Pods Manifest.lock";
			outputPaths = (
				"$(DERIVED_FILE_DIR)/Pods-lastTrain-checkManifestLockResult.txt",
			);
			runOnlyForDeploymentPostprocessing = 0;
			shellPath = /bin/sh;
			shellScript = "diff \"${PODS_PODFILE_DIR_PATH}/Podfile.lock\" \"${PODS_ROOT}/Manifest.lock\" > /dev/null\nif [ $? != 0 ] ; then\n    # print error to STDERR\n    echo \"error: The sandbox is not in sync with the Podfile.lock. Run 'pod install' or update your CocoaPods installation.\" >&2\n    exit 1\nfi\n# This output is used by Xcode 'outputs' to avoid re-running this script phase.\necho \"SUCCESS\" > \"${SCRIPT_OUTPUT_FILE_0}\"\n";
			showEnvVarsInLog = 0;
		};
/* End PBXShellScriptBuildPhase section */

/* Begin PBXSourcesBuildPhase section */
		7CBCB29E214F4AD2001D4123 /* Sources */ = {
			isa = PBXSourcesBuildPhase;
			buildActionMask = 2147483647;
			files = (
				7CB0FD8A2155F28800F68180 /* NMapVC.swift in Sources */,
				7CDCCF4921580A5400E80018 /* LoginService.swift in Sources */,
				7C3AF28A2154CEA700D562FE /* NearStartTableVC.swift in Sources */,
				7CB0FD8F21561B8300F68180 /* LoginVO.swift in Sources */,
				7CDCCF3F215808ED00E80018 /* PostableService.swift in Sources */,
				7C66C49D21575AE100EA14FE /* LastTimeTableVC.swift in Sources */,
				7C3AF28C2154CEC800D562FE /* NearStartTableCell1.swift in Sources */,
				7C3AF28E2154CED900D562FE /* NearStartTableCell2.swift in Sources */,
				7CDCCF4D21580F9F00E80018 /* DefaultVO.swift in Sources */,
				7C3AF2862154886100D562FE /* StartTableCell2.swift in Sources */,
				7CB0FD9F2156E6AC00F68180 /* ArriveTableCell1.swift in Sources */,
				7CFDD68C2155E206009E2C6D /* NMapViewResources.swift in Sources */,
				7C66C49A2157520500EA14FE /* FromNowOnVC.swift in Sources */,
				7C3AF2822154883300D562FE /* StartTableVC.swift in Sources */,
				7CB0FD9D2156E69500F68180 /* ArriveTableVC.swift in Sources */,
				7CB0FD9121561BC700F68180 /* APIService.swift in Sources */,
				7C66C4A121575B2400EA14FE /* LastTimeTableCell2.swift in Sources */,
				7CB0FD9321561BE900F68180 /* Extensions.swift in Sources */,
				7CDCCF5321592F1F00E80018 /* NearData.swift in Sources */,
				7C3AF2842154884C00D562FE /* StartTableCell1.swift in Sources */,
				7C66C49F21575B1000EA14FE /* LastTimeTableCell1.swift in Sources */,
				7C3AF2802154874E00D562FE /* EnterVC.swift in Sources */,
				7CDCCF4F21592ABB00E80018 /* NearService.swift in Sources */,
				7CDCCF5121592ADA00E80018 /* NearVO.swift in Sources */,
				7CBCB2A6214F4AD2001D4123 /* AppDelegate.swift in Sources */,
				7CDCCF412158092C00E80018 /* GettableService.swift in Sources */,
				7CB0FD9721561F7700F68180 /* SignUpVC.swift in Sources */,
				7CDCCF43215809E000E80018 /* enums.swift in Sources */,
				7CB0FDA12156E6BE00F68180 /* ArriveTableCell2.swift in Sources */,
				7CDCCF4B21580F7100E80018 /* JoinService.swift in Sources */,
				7CDCCF4521580A0B00E80018 /* HttpResponseCode.swift in Sources */,
			);
			runOnlyForDeploymentPostprocessing = 0;
		};
/* End PBXSourcesBuildPhase section */

/* Begin PBXVariantGroup section */
		7CBCB2A9214F4AD2001D4123 /* Main.storyboard */ = {
			isa = PBXVariantGroup;
			children = (
				7CBCB2AA214F4AD2001D4123 /* Base */,
			);
			name = Main.storyboard;
			sourceTree = "<group>";
		};
		7CBCB2AE214F4AD4001D4123 /* LaunchScreen.storyboard */ = {
			isa = PBXVariantGroup;
			children = (
				7CBCB2AF214F4AD4001D4123 /* Base */,
			);
			name = LaunchScreen.storyboard;
			sourceTree = "<group>";
		};
/* End PBXVariantGroup section */

/* Begin XCBuildConfiguration section */
		7CBCB2B2214F4AD4001D4123 /* Debug */ = {
			isa = XCBuildConfiguration;
			buildSettings = {
				ALWAYS_SEARCH_USER_PATHS = NO;
				CLANG_ANALYZER_NONNULL = YES;
				CLANG_ANALYZER_NUMBER_OBJECT_CONVERSION = YES_AGGRESSIVE;
				CLANG_CXX_LANGUAGE_STANDARD = "gnu++14";
				CLANG_CXX_LIBRARY = "libc++";
				CLANG_ENABLE_MODULES = YES;
				CLANG_ENABLE_OBJC_ARC = YES;
				CLANG_ENABLE_OBJC_WEAK = YES;
				CLANG_WARN_BLOCK_CAPTURE_AUTORELEASING = YES;
				CLANG_WARN_BOOL_CONVERSION = YES;
				CLANG_WARN_COMMA = YES;
				CLANG_WARN_CONSTANT_CONVERSION = YES;
				CLANG_WARN_DEPRECATED_OBJC_IMPLEMENTATIONS = YES;
				CLANG_WARN_DIRECT_OBJC_ISA_USAGE = YES_ERROR;
				CLANG_WARN_DOCUMENTATION_COMMENTS = YES;
				CLANG_WARN_EMPTY_BODY = YES;
				CLANG_WARN_ENUM_CONVERSION = YES;
				CLANG_WARN_INFINITE_RECURSION = YES;
				CLANG_WARN_INT_CONVERSION = YES;
				CLANG_WARN_NON_LITERAL_NULL_CONVERSION = YES;
				CLANG_WARN_OBJC_IMPLICIT_RETAIN_SELF = YES;
				CLANG_WARN_OBJC_LITERAL_CONVERSION = YES;
				CLANG_WARN_OBJC_ROOT_CLASS = YES_ERROR;
				CLANG_WARN_RANGE_LOOP_ANALYSIS = YES;
				CLANG_WARN_STRICT_PROTOTYPES = YES;
				CLANG_WARN_SUSPICIOUS_MOVE = YES;
				CLANG_WARN_UNGUARDED_AVAILABILITY = YES_AGGRESSIVE;
				CLANG_WARN_UNREACHABLE_CODE = YES;
				CLANG_WARN__DUPLICATE_METHOD_MATCH = YES;
				CODE_SIGN_IDENTITY = "iPhone Developer";
				COPY_PHASE_STRIP = NO;
				DEBUG_INFORMATION_FORMAT = dwarf;
				ENABLE_STRICT_OBJC_MSGSEND = YES;
				ENABLE_TESTABILITY = YES;
				GCC_C_LANGUAGE_STANDARD = gnu11;
				GCC_DYNAMIC_NO_PIC = NO;
				GCC_NO_COMMON_BLOCKS = YES;
				GCC_OPTIMIZATION_LEVEL = 0;
				GCC_PREPROCESSOR_DEFINITIONS = (
					"DEBUG=1",
					"$(inherited)",
				);
				GCC_WARN_64_TO_32_BIT_CONVERSION = YES;
				GCC_WARN_ABOUT_RETURN_TYPE = YES_ERROR;
				GCC_WARN_UNDECLARED_SELECTOR = YES;
				GCC_WARN_UNINITIALIZED_AUTOS = YES_AGGRESSIVE;
				GCC_WARN_UNUSED_FUNCTION = YES;
				GCC_WARN_UNUSED_VARIABLE = YES;
				IPHONEOS_DEPLOYMENT_TARGET = 11.4;
				MTL_ENABLE_DEBUG_INFO = YES;
				ONLY_ACTIVE_ARCH = YES;
				SDKROOT = iphoneos;
				SWIFT_ACTIVE_COMPILATION_CONDITIONS = DEBUG;
				SWIFT_OPTIMIZATION_LEVEL = "-Onone";
			};
			name = Debug;
		};
		7CBCB2B3214F4AD4001D4123 /* Release */ = {
			isa = XCBuildConfiguration;
			buildSettings = {
				ALWAYS_SEARCH_USER_PATHS = NO;
				CLANG_ANALYZER_NONNULL = YES;
				CLANG_ANALYZER_NUMBER_OBJECT_CONVERSION = YES_AGGRESSIVE;
				CLANG_CXX_LANGUAGE_STANDARD = "gnu++14";
				CLANG_CXX_LIBRARY = "libc++";
				CLANG_ENABLE_MODULES = YES;
				CLANG_ENABLE_OBJC_ARC = YES;
				CLANG_ENABLE_OBJC_WEAK = YES;
				CLANG_WARN_BLOCK_CAPTURE_AUTORELEASING = YES;
				CLANG_WARN_BOOL_CONVERSION = YES;
				CLANG_WARN_COMMA = YES;
				CLANG_WARN_CONSTANT_CONVERSION = YES;
				CLANG_WARN_DEPRECATED_OBJC_IMPLEMENTATIONS = YES;
				CLANG_WARN_DIRECT_OBJC_ISA_USAGE = YES_ERROR;
				CLANG_WARN_DOCUMENTATION_COMMENTS = YES;
				CLANG_WARN_EMPTY_BODY = YES;
				CLANG_WARN_ENUM_CONVERSION = YES;
				CLANG_WARN_INFINITE_RECURSION = YES;
				CLANG_WARN_INT_CONVERSION = YES;
				CLANG_WARN_NON_LITERAL_NULL_CONVERSION = YES;
				CLANG_WARN_OBJC_IMPLICIT_RETAIN_SELF = YES;
				CLANG_WARN_OBJC_LITERAL_CONVERSION = YES;
				CLANG_WARN_OBJC_ROOT_CLASS = YES_ERROR;
				CLANG_WARN_RANGE_LOOP_ANALYSIS = YES;
				CLANG_WARN_STRICT_PROTOTYPES = YES;
				CLANG_WARN_SUSPICIOUS_MOVE = YES;
				CLANG_WARN_UNGUARDED_AVAILABILITY = YES_AGGRESSIVE;
				CLANG_WARN_UNREACHABLE_CODE = YES;
				CLANG_WARN__DUPLICATE_METHOD_MATCH = YES;
				CODE_SIGN_IDENTITY = "iPhone Developer";
				COPY_PHASE_STRIP = NO;
				DEBUG_INFORMATION_FORMAT = "dwarf-with-dsym";
				ENABLE_NS_ASSERTIONS = NO;
				ENABLE_STRICT_OBJC_MSGSEND = YES;
				GCC_C_LANGUAGE_STANDARD = gnu11;
				GCC_NO_COMMON_BLOCKS = YES;
				GCC_WARN_64_TO_32_BIT_CONVERSION = YES;
				GCC_WARN_ABOUT_RETURN_TYPE = YES_ERROR;
				GCC_WARN_UNDECLARED_SELECTOR = YES;
				GCC_WARN_UNINITIALIZED_AUTOS = YES_AGGRESSIVE;
				GCC_WARN_UNUSED_FUNCTION = YES;
				GCC_WARN_UNUSED_VARIABLE = YES;
				IPHONEOS_DEPLOYMENT_TARGET = 11.4;
				MTL_ENABLE_DEBUG_INFO = NO;
				SDKROOT = iphoneos;
				SWIFT_COMPILATION_MODE = wholemodule;
				SWIFT_OPTIMIZATION_LEVEL = "-O";
				VALIDATE_PRODUCT = YES;
			};
			name = Release;
		};
		7CBCB2B5214F4AD4001D4123 /* Debug */ = {
			isa = XCBuildConfiguration;
			baseConfigurationReference = DE99DA4A10DB51F0DD2B01E5 /* Pods-lastTrain.debug.xcconfig */;
			buildSettings = {
				ASSETCATALOG_COMPILER_APPICON_NAME = AppIcon;
				CODE_SIGN_STYLE = Automatic;
				DEVELOPMENT_TEAM = NF7D3MF6YF;
				FRAMEWORK_SEARCH_PATHS = (
					"$(inherited)",
					"$(PROJECT_DIR)",
					"/Users/eozinee/Desktop/maps.ios-master/Frameworks",
				);
				INFOPLIST_FILE = lastTrain/Info.plist;
				IPHONEOS_DEPLOYMENT_TARGET = 11.0;
				LD_RUNPATH_SEARCH_PATHS = (
					"$(inherited)",
					"@executable_path/Frameworks",
				);
				OTHER_LDFLAGS = (
					"$(inherited)",
					"-ObjC",
					"-l\"c++\"",
					"-l\"z\"",
					"-framework",
					"\"Accelerate\"",
					"-framework",
					"\"Alamofire\"",
					"-framework",
					"\"CoreData\"",
					"-framework",
					"\"CoreGraphics\"",
					"-framework",
					"\"CoreImage\"",
					"-framework",
					"\"CoreLocation\"",
					"-framework",
					"\"CoreTelephony\"",
					"-framework",
					"\"CoreText\"",
					"-framework",
					"\"GLKit\"",
					"-framework",
					"\"GoogleMaps\"",
					"-framework",
					"\"GoogleMapsBase\"",
					"-framework",
					"\"GoogleMapsCore\"",
					"-framework",
					"\"GooglePlaces\"",
					"-framework",
					"\"ImageIO\"",
					"-framework",
					"\"Kingfisher\"",
					"-framework",
					"\"ObjectMapper\"",
					"-framework",
					"\"OpenGLES\"",
					"-framework",
					"\"QuartzCore\"",
					"-framework",
					"\"SwiftyJSON\"",
					"-framework",
					"\"SystemConfiguration\"",
					"-framework",
					"\"UIKit\"",
					"-ObjC",
					"-lxml2",
				);
				PRODUCT_BUNDLE_IDENTIFIER = com.eojin.lastTrain;
				PRODUCT_NAME = "$(TARGET_NAME)";
				SWIFT_OBJC_BRIDGING_HEADER = /Users/eozinee/Documents/swift/lastTrain/lastTrain/Header.h;
				SWIFT_VERSION = 4.0;
				TARGETED_DEVICE_FAMILY = "1,2";
			};
			name = Debug;
		};
		7CBCB2B6214F4AD4001D4123 /* Release */ = {
			isa = XCBuildConfiguration;
			baseConfigurationReference = 733BB10346C1110E40639B35 /* Pods-lastTrain.release.xcconfig */;
			buildSettings = {
				ASSETCATALOG_COMPILER_APPICON_NAME = AppIcon;
				CODE_SIGN_STYLE = Automatic;
				DEVELOPMENT_TEAM = NF7D3MF6YF;
				FRAMEWORK_SEARCH_PATHS = (
					"$(inherited)",
					"$(PROJECT_DIR)",
					"/Users/eozinee/Desktop/maps.ios-master/Frameworks",
				);
				INFOPLIST_FILE = lastTrain/Info.plist;
				IPHONEOS_DEPLOYMENT_TARGET = 11.0;
				LD_RUNPATH_SEARCH_PATHS = (
					"$(inherited)",
					"@executable_path/Frameworks",
				);
				OTHER_LDFLAGS = (
					"$(inherited)",
					"-ObjC",
					"-l\"c++\"",
					"-l\"z\"",
					"-framework",
					"\"Accelerate\"",
					"-framework",
					"\"Alamofire\"",
					"-framework",
					"\"CoreData\"",
					"-framework",
					"\"CoreGraphics\"",
					"-framework",
					"\"CoreImage\"",
					"-framework",
					"\"CoreLocation\"",
					"-framework",
					"\"CoreTelephony\"",
					"-framework",
					"\"CoreText\"",
					"-framework",
					"\"GLKit\"",
					"-framework",
					"\"GoogleMaps\"",
					"-framework",
					"\"GoogleMapsBase\"",
					"-framework",
					"\"GoogleMapsCore\"",
					"-framework",
					"\"GooglePlaces\"",
					"-framework",
					"\"ImageIO\"",
					"-framework",
					"\"Kingfisher\"",
					"-framework",
					"\"ObjectMapper\"",
					"-framework",
					"\"OpenGLES\"",
					"-framework",
					"\"QuartzCore\"",
					"-framework",
					"\"SwiftyJSON\"",
					"-framework",
					"\"SystemConfiguration\"",
					"-framework",
					"\"UIKit\"",
					"-ObjC",
					"-lxml2",
				);
				PRODUCT_BUNDLE_IDENTIFIER = com.eojin.lastTrain;
				PRODUCT_NAME = "$(TARGET_NAME)";
				SWIFT_OBJC_BRIDGING_HEADER = /Users/eozinee/Documents/swift/lastTrain/lastTrain/Header.h;
				SWIFT_VERSION = 4.0;
				TARGETED_DEVICE_FAMILY = "1,2";
			};
			name = Release;
		};
/* End XCBuildConfiguration section */

/* Begin XCConfigurationList section */
		7CBCB29D214F4AD2001D4123 /* Build configuration list for PBXProject "lastTrain" */ = {
			isa = XCConfigurationList;
			buildConfigurations = (
				7CBCB2B2214F4AD4001D4123 /* Debug */,
				7CBCB2B3214F4AD4001D4123 /* Release */,
			);
			defaultConfigurationIsVisible = 0;
			defaultConfigurationName = Release;
		};
		7CBCB2B4214F4AD4001D4123 /* Build configuration list for PBXNativeTarget "lastTrain" */ = {
			isa = XCConfigurationList;
			buildConfigurations = (
				7CBCB2B5214F4AD4001D4123 /* Debug */,
				7CBCB2B6214F4AD4001D4123 /* Release */,
			);
			defaultConfigurationIsVisible = 0;
			defaultConfigurationName = Release;
		};
/* End XCConfigurationList section */
	};
	rootObject = 7CBCB29A214F4AD2001D4123 /* Project object */;
}
